
Microsoft Visual Studio Solution File, Format Version 12.00
# Visual Studio Version 17
VisualStudioVersion = 17.4.33213.308
MinimumVisualStudioVersion = 10.0.40219.1
Project("{9A19103F-16F7-4668-BE54-9A1E7A4F7556}") = "WeeklyTask", "WeeklyTask\WeeklyTask.csproj", "{FA2A01BB-DDB6-4817-BB40-CD086D06BC24}"
EndProject
Project("{9A19103F-16F7-4668-BE54-9A1E7A4F7556}") = "TestProject1", "TestProject1\TestProject1.csproj", "{657D3AFF-7580-4016-9753-31F7AE52239D}"
	ProjectSection(ProjectDependencies) = postProject
		{FA2A01BB-DDB6-4817-BB40-CD086D06BC24} = {FA2A01BB-DDB6-4817-BB40-CD086D06BC24}
	EndProjectSection
EndProject
Global
	GlobalSection(SolutionConfigurationPlatforms) = preSolution
		Debug|Any CPU = Debug|Any CPU
		Release|Any CPU = Release|Any CPU
	EndGlobalSection
	GlobalSection(ProjectConfigurationPlatforms) = postSolution
		{FA2A01BB-DDB6-4817-BB40-CD086D06BC24}.Debug|Any CPU.ActiveCfg = Debug|Any CPU
		{FA2A01BB-DDB6-4817-BB40-CD086D06BC24}.Debug|Any CPU.Build.0 = Debug|Any CPU
		{FA2A01BB-DDB6-4817-BB40-CD086D06BC24}.Release|Any CPU.ActiveCfg = Release|Any CPU
		{FA2A01BB-DDB6-4817-BB40-CD086D06BC24}.Release|Any CPU.Build.0 = Release|Any CPU
		{657D3AFF-7580-4016-9753-31F7AE52239D}.Debug|Any CPU.ActiveCfg = Debug|Any CPU
		{657D3AFF-7580-4016-9753-31F7AE52239D}.Debug|Any CPU.Build.0 = Debug|Any CPU
		{657D3AFF-7580-4016-9753-31F7AE52239D}.Release|Any CPU.ActiveCfg = Release|Any CPU
		{657D3AFF-7580-4016-9753-31F7AE52239D}.Release|Any CPU.Build.0 = Release|Any CPU
	EndGlobalSection
	GlobalSection(SolutionProperties) = preSolution
		HideSolutionNode = FALSE
	EndGlobalSection
	GlobalSection(ExtensibilityGlobals) = postSolution
		SolutionGuid = {EDF57A35-509E-4962-A380-CEC5DA541507}
	EndGlobalSection
EndGlobal
